
Microsoft Visual Studio Solution File, Format Version 12.00
# Visual Studio 2012
Project("{8BC9CEB8-8B4A-11D0-8D11-00A0C91BC942}") = "File_Help_Task_2", "File_Help_Task_2\File_Help_Task_2.vcxproj", "{60C618AE-F03B-4357-83B0-571A71307953}"
EndProject
Global
	GlobalSection(SolutionConfigurationPlatforms) = preSolution
		Debug|Win32 = Debug|Win32
		Release|Win32 = Release|Win32
	EndGlobalSection
	GlobalSection(ProjectConfigurationPlatforms) = postSolution
		{60C618AE-F03B-4357-83B0-571A71307953}.Debug|Win32.ActiveCfg = Debug|Win32
		{60C618AE-F03B-4357-83B0-571A71307953}.Debug|Win32.Build.0 = Debug|Win32
		{60C618AE-F03B-4357-83B0-571A71307953}.Release|Win32.ActiveCfg = Release|Win32
		{60C618AE-F03B-4357-83B0-571A71307953}.Release|Win32.Build.0 = Release|Win32
	EndGlobalSection
	GlobalSection(SolutionProperties) = preSolution
		HideSolutionNode = FALSE
	EndGlobalSection
EndGlobal
