
Microsoft Visual Studio Solution File, Format Version 12.00
# Visual Studio 2012
Project("{8BC9CEB8-8B4A-11D0-8D11-00A0C91BC942}") = "Lab2_D1", "Lab2_D1\Lab2_D1.vcxproj", "{9ADFAF12-F0CB-4528-8788-372602164DEF}"
EndProject
Global
	GlobalSection(SolutionConfigurationPlatforms) = preSolution
		Debug|Win32 = Debug|Win32
		Release|Win32 = Release|Win32
	EndGlobalSection
	GlobalSection(ProjectConfigurationPlatforms) = postSolution
		{9ADFAF12-F0CB-4528-8788-372602164DEF}.Debug|Win32.ActiveCfg = Debug|Win32
		{9ADFAF12-F0CB-4528-8788-372602164DEF}.Debug|Win32.Build.0 = Debug|Win32
		{9ADFAF12-F0CB-4528-8788-372602164DEF}.Release|Win32.ActiveCfg = Release|Win32
		{9ADFAF12-F0CB-4528-8788-372602164DEF}.Release|Win32.Build.0 = Release|Win32
	EndGlobalSection
	GlobalSection(SolutionProperties) = preSolution
		HideSolutionNode = FALSE
	EndGlobalSection
EndGlobal
