
Microsoft Visual Studio Solution File, Format Version 12.00
# Visual Studio 2012
Project("{8BC9CEB8-8B4A-11D0-8D11-00A0C91BC942}") = "myWin32", "myWin32.vcxproj", "{7A1CC8DD-196F-488C-874C-4D2A0657BC75}"
EndProject
Global
	GlobalSection(SolutionConfigurationPlatforms) = preSolution
		Debug|Win32 = Debug|Win32
		Release|Win32 = Release|Win32
	EndGlobalSection
	GlobalSection(ProjectConfigurationPlatforms) = postSolution
		{7A1CC8DD-196F-488C-874C-4D2A0657BC75}.Debug|Win32.ActiveCfg = Debug|Win32
		{7A1CC8DD-196F-488C-874C-4D2A0657BC75}.Debug|Win32.Build.0 = Debug|Win32
		{7A1CC8DD-196F-488C-874C-4D2A0657BC75}.Release|Win32.ActiveCfg = Release|Win32
		{7A1CC8DD-196F-488C-874C-4D2A0657BC75}.Release|Win32.Build.0 = Release|Win32
	EndGlobalSection
	GlobalSection(SolutionProperties) = preSolution
		HideSolutionNode = FALSE
	EndGlobalSection
EndGlobal
