
Microsoft Visual Studio Solution File, Format Version 12.00
# Visual Studio Version 16
VisualStudioVersion = 16.0.31702.278
MinimumVisualStudioVersion = 10.0.40219.1
Project("{8BC9CEB8-8B4A-11D0-8D11-00A0C91BC942}") = "Drawing", "Drawing.vcxproj", "{C18FF4DA-9E75-459D-8A0A-703BCCE5A753}"
EndProject
Global
	GlobalSection(SolutionConfigurationPlatforms) = preSolution
		Debug|x64 = Debug|x64
		Debug|x86 = Debug|x86
		Release|x64 = Release|x64
		Release|x86 = Release|x86
	EndGlobalSection
	GlobalSection(ProjectConfigurationPlatforms) = postSolution
		{C18FF4DA-9E75-459D-8A0A-703BCCE5A753}.Debug|x64.ActiveCfg = Debug|x64
		{C18FF4DA-9E75-459D-8A0A-703BCCE5A753}.Debug|x64.Build.0 = Debug|x64
		{C18FF4DA-9E75-459D-8A0A-703BCCE5A753}.Debug|x86.ActiveCfg = Debug|Win32
		{C18FF4DA-9E75-459D-8A0A-703BCCE5A753}.Debug|x86.Build.0 = Debug|Win32
		{C18FF4DA-9E75-459D-8A0A-703BCCE5A753}.Release|x64.ActiveCfg = Release|x64
		{C18FF4DA-9E75-459D-8A0A-703BCCE5A753}.Release|x64.Build.0 = Release|x64
		{C18FF4DA-9E75-459D-8A0A-703BCCE5A753}.Release|x86.ActiveCfg = Release|Win32
		{C18FF4DA-9E75-459D-8A0A-703BCCE5A753}.Release|x86.Build.0 = Release|Win32
	EndGlobalSection
	GlobalSection(SolutionProperties) = preSolution
		HideSolutionNode = FALSE
	EndGlobalSection
	GlobalSection(ExtensibilityGlobals) = postSolution
		SolutionGuid = {C31BEE91-194B-440D-B31D-61E1A9B02743}
	EndGlobalSection
EndGlobal
